version = 1
revision = 2
requires-python = ">=3.13"

[[package]]
name = "empy"
version = "4.2"
source = { registry = "https://pypi.org/simple" }
sdist = { url = "https://files.pythonhosted.org/packages/c1/0a/c500fc4c8f48cac08b76b8987070b178f0549534584ac1f414066700a3f9/empy-4.2.tar.gz", hash = "sha256:86f15e1da9743e79a2e9b2cbacf1a13d0b7fb1835b6254eb253c978b72287f4f", size = 166069, upload-time = "2024-08-25T23:32:09.946Z" }

[[package]]
name = "lycan2"
version = "0.1.0"
source = { virtual = "." }
dependencies = [
    { name = "empy" },
]

[package.metadata]
requires-dist = [{ name = "empy", specifier = ">=4.2" }]
